
Microsoft Visual Studio Solution File, Format Version 12.00
# Visual Studio Version 16
VisualStudioVersion = 16.0.29123.88
MinimumVisualStudioVersion = 10.0.40219.1
Project("{FAE04EC0-301F-11D3-BF4B-00C04F79EFBC}") = "LostyApi", "LostyApi\LostyApi.csproj", "{A61401A8-26AE-4BA8-BEC8-67EB381F8E2F}"
EndProject
Global
	GlobalSection(SolutionConfigurationPlatforms) = preSolution
		Debug|Any CPU = Debug|Any CPU
		Release|Any CPU = Release|Any CPU
	EndGlobalSection
	GlobalSection(ProjectConfigurationPlatforms) = postSolution
		{A61401A8-26AE-4BA8-BEC8-67EB381F8E2F}.Debug|Any CPU.ActiveCfg = Debug|Any CPU
		{A61401A8-26AE-4BA8-BEC8-67EB381F8E2F}.Debug|Any CPU.Build.0 = Debug|Any CPU
		{A61401A8-26AE-4BA8-BEC8-67EB381F8E2F}.Release|Any CPU.ActiveCfg = Release|Any CPU
		{A61401A8-26AE-4BA8-BEC8-67EB381F8E2F}.Release|Any CPU.Build.0 = Release|Any CPU
	EndGlobalSection
	GlobalSection(SolutionProperties) = preSolution
		HideSolutionNode = FALSE
	EndGlobalSection
	GlobalSection(ExtensibilityGlobals) = postSolution
		SolutionGuid = {CF295B4E-4A9C-461D-916A-C75235FA6A0F}
	EndGlobalSection
EndGlobal
